
Microsoft Visual Studio Solution File, Format Version 12.00
# Visual Studio 15
VisualStudioVersion = 15.0.27130.2010
MinimumVisualStudioVersion = 10.0.40219.1
Project("{FAE04EC0-301F-11D3-BF4B-00C04F79EFBC}") = "WebApplication1", "WebApplication1\WebApplication1.csproj", "{2FDA080F-4F86-44E6-AA62-56558BFCB695}"
EndProject
Global
	GlobalSection(SolutionConfigurationPlatforms) = preSolution
		Debug|Any CPU = Debug|Any CPU
		Release|Any CPU = Release|Any CPU
	EndGlobalSection
	GlobalSection(ProjectConfigurationPlatforms) = postSolution
		{2FDA080F-4F86-44E6-AA62-56558BFCB695}.Debug|Any CPU.ActiveCfg = Debug|Any CPU
		{2FDA080F-4F86-44E6-AA62-56558BFCB695}.Debug|Any CPU.Build.0 = Debug|Any CPU
		{2FDA080F-4F86-44E6-AA62-56558BFCB695}.Release|Any CPU.ActiveCfg = Release|Any CPU
		{2FDA080F-4F86-44E6-AA62-56558BFCB695}.Release|Any CPU.Build.0 = Release|Any CPU
	EndGlobalSection
	GlobalSection(SolutionProperties) = preSolution
		HideSolutionNode = FALSE
	EndGlobalSection
	GlobalSection(ExtensibilityGlobals) = postSolution
		SolutionGuid = {3CE83CFE-95FA-4DA9-8341-5AFA30478C75}
	EndGlobalSection
EndGlobal
